// !$*UTF8*$!
{
	archiveVersion = 1;
	classes = {
	};
	objectVersion = 56;
	objects = {

/* Begin PBXBuildFile section */
		6CAD7FBC299509A400712B85 /* AppDelegate.swift in Sources */ = {isa = PBXBuildFile; fileRef = 6CAD7FBB299509A400712B85 /* AppDelegate.swift */; };
		6CAD7FBE299509A400712B85 /* SceneDelegate.swift in Sources */ = {isa = PBXBuildFile; fileRef = 6CAD7FBD299509A400712B85 /* SceneDelegate.swift */; };
		6CAD7FC5299509A500712B85 /* Assets.xcassets in Resources */ = {isa = PBXBuildFile; fileRef = 6CAD7FC4299509A500712B85 /* Assets.xcassets */; };
		6CAD7FC8299509A500712B85 /* LaunchScreen.storyboard in Resources */ = {isa = PBXBuildFile; fileRef = 6CAD7FC6299509A500712B85 /* LaunchScreen.storyboard */; };
		6CAD7FE729950B8000712B85 /* MainScreenFactory.swift in Sources */ = {isa = PBXBuildFile; fileRef = 6CAD7FE229950B8000712B85 /* MainScreenFactory.swift */; };
		6CAD7FE829950B8000712B85 /* MainScreenViewController.swift in Sources */ = {isa = PBXBuildFile; fileRef = 6CAD7FE329950B8000712B85 /* MainScreenViewController.swift */; };
		6CAD7FE929950B8000712B85 /* MainScreenAssembly.swift in Sources */ = {isa = PBXBuildFile; fileRef = 6CAD7FE429950B8000712B85 /* MainScreenAssembly.swift */; };
		6CAD7FEA29950B8000712B85 /* MainScreenInteractor.swift in Sources */ = {isa = PBXBuildFile; fileRef = 6CAD7FE529950B8000712B85 /* MainScreenInteractor.swift */; };
		6CAD7FEB29950B8000712B85 /* MainScreenView.swift in Sources */ = {isa = PBXBuildFile; fileRef = 6CAD7FE629950B8000712B85 /* MainScreenView.swift */; };
		6CAD7FF329950BEF00712B85 /* Coordinator.swift in Sources */ = {isa = PBXBuildFile; fileRef = 6CAD7FF229950BEF00712B85 /* Coordinator.swift */; };
		6CAD7FF529950C0000712B85 /* RootCoordinator.swift in Sources */ = {isa = PBXBuildFile; fileRef = 6CAD7FF429950C0000712B85 /* RootCoordinator.swift */; };
		6CAD7FF829950C4300712B85 /* MainScreenCoordinator.swift in Sources */ = {isa = PBXBuildFile; fileRef = 6CAD7FF729950C4300712B85 /* MainScreenCoordinator.swift */; };
		6CAD7FFE29950EAB00712B85 /* ButtonView.swift in Sources */ = {isa = PBXBuildFile; fileRef = 6CAD7FFD29950EAB00712B85 /* ButtonView.swift */; };
		6CAD800229950F4100712B85 /* UIFont+Guide.swift in Sources */ = {isa = PBXBuildFile; fileRef = 6CAD800129950F4100712B85 /* UIFont+Guide.swift */; };
		6CAD800429950F9700712B85 /* FontGuide.swift in Sources */ = {isa = PBXBuildFile; fileRef = 6CAD800329950F9700712B85 /* FontGuide.swift */; };
		6CAD800729950FC300712B85 /* UIFont+DynamicProvider.swift in Sources */ = {isa = PBXBuildFile; fileRef = 6CAD800629950FC300712B85 /* UIFont+DynamicProvider.swift */; };
		6CAD800929950FFB00712B85 /* FontToken.swift in Sources */ = {isa = PBXBuildFile; fileRef = 6CAD800829950FFB00712B85 /* FontToken.swift */; };
		6CAD800D2995117200712B85 /* UIColor+DynamicProvider.swift in Sources */ = {isa = PBXBuildFile; fileRef = 6CAD800C2995117200712B85 /* UIColor+DynamicProvider.swift */; };
		6CAD800F2995118600712B85 /* UIColor+Hex.swift in Sources */ = {isa = PBXBuildFile; fileRef = 6CAD800E2995118600712B85 /* UIColor+Hex.swift */; };
		6CAD8011299511BA00712B85 /* UIColor+Guide.swift in Sources */ = {isa = PBXBuildFile; fileRef = 6CAD8010299511BA00712B85 /* UIColor+Guide.swift */; };
		6CAD8013299511FD00712B85 /* ColorToken.swift in Sources */ = {isa = PBXBuildFile; fileRef = 6CAD8012299511FC00712B85 /* ColorToken.swift */; };
		6CAD80152995130700712B85 /* ColorGuide.swift in Sources */ = {isa = PBXBuildFile; fileRef = 6CAD80142995130700712B85 /* ColorGuide.swift */; };
		6CAD8017299514F500712B85 /* ChipsView.swift in Sources */ = {isa = PBXBuildFile; fileRef = 6CAD8016299514F500712B85 /* ChipsView.swift */; };
		6CAD801B29951AB000712B85 /* CarouselChipsView.swift in Sources */ = {isa = PBXBuildFile; fileRef = 6CAD801A29951AB000712B85 /* CarouselChipsView.swift */; };
		6CAD801E2995294500712B85 /* MainScreenModel.swift in Sources */ = {isa = PBXBuildFile; fileRef = 6CAD801D2995294500712B85 /* MainScreenModel.swift */; };
		6CAD8021299538F200712B85 /* ScrollView.swift in Sources */ = {isa = PBXBuildFile; fileRef = 6CAD8020299538F200712B85 /* ScrollView.swift */; };
/* End PBXBuildFile section */

/* Begin PBXFileReference section */
		6CAD7FB8299509A400712B85 /* Surf.app */ = {isa = PBXFileReference; explicitFileType = wrapper.application; includeInIndex = 0; path = Surf.app; sourceTree = BUILT_PRODUCTS_DIR; };
		6CAD7FBB299509A400712B85 /* AppDelegate.swift */ = {isa = PBXFileReference; lastKnownFileType = sourcecode.swift; path = AppDelegate.swift; sourceTree = "<group>"; };
		6CAD7FBD299509A400712B85 /* SceneDelegate.swift */ = {isa = PBXFileReference; lastKnownFileType = sourcecode.swift; path = SceneDelegate.swift; sourceTree = "<group>"; };
		6CAD7FC4299509A500712B85 /* Assets.xcassets */ = {isa = PBXFileReference; lastKnownFileType = folder.assetcatalog; path = Assets.xcassets; sourceTree = "<group>"; };
		6CAD7FC7299509A500712B85 /* Base */ = {isa = PBXFileReference; lastKnownFileType = file.storyboard; name = Base; path = Base.lproj/LaunchScreen.storyboard; sourceTree = "<group>"; };
		6CAD7FC9299509A500712B85 /* Info.plist */ = {isa = PBXFileReference; lastKnownFileType = text.plist.xml; path = Info.plist; sourceTree = "<group>"; };
		6CAD7FE229950B8000712B85 /* MainScreenFactory.swift */ = {isa = PBXFileReference; lastKnownFileType = sourcecode.swift; path = MainScreenFactory.swift; sourceTree = "<group>"; };
		6CAD7FE329950B8000712B85 /* MainScreenViewController.swift */ = {isa = PBXFileReference; lastKnownFileType = sourcecode.swift; path = MainScreenViewController.swift; sourceTree = "<group>"; };
		6CAD7FE429950B8000712B85 /* MainScreenAssembly.swift */ = {isa = PBXFileReference; lastKnownFileType = sourcecode.swift; path = MainScreenAssembly.swift; sourceTree = "<group>"; };
		6CAD7FE529950B8000712B85 /* MainScreenInteractor.swift */ = {isa = PBXFileReference; lastKnownFileType = sourcecode.swift; path = MainScreenInteractor.swift; sourceTree = "<group>"; };
		6CAD7FE629950B8000712B85 /* MainScreenView.swift */ = {isa = PBXFileReference; lastKnownFileType = sourcecode.swift; path = MainScreenView.swift; sourceTree = "<group>"; };
		6CAD7FF229950BEF00712B85 /* Coordinator.swift */ = {isa = PBXFileReference; lastKnownFileType = sourcecode.swift; path = Coordinator.swift; sourceTree = "<group>"; };
		6CAD7FF429950C0000712B85 /* RootCoordinator.swift */ = {isa = PBXFileReference; lastKnownFileType = sourcecode.swift; path = RootCoordinator.swift; sourceTree = "<group>"; };
		6CAD7FF729950C4300712B85 /* MainScreenCoordinator.swift */ = {isa = PBXFileReference; lastKnownFileType = sourcecode.swift; path = MainScreenCoordinator.swift; sourceTree = "<group>"; };
		6CAD7FFD29950EAB00712B85 /* ButtonView.swift */ = {isa = PBXFileReference; lastKnownFileType = sourcecode.swift; path = ButtonView.swift; sourceTree = "<group>"; };
		6CAD800129950F4100712B85 /* UIFont+Guide.swift */ = {isa = PBXFileReference; lastKnownFileType = sourcecode.swift; path = "UIFont+Guide.swift"; sourceTree = "<group>"; };
		6CAD800329950F9700712B85 /* FontGuide.swift */ = {isa = PBXFileReference; lastKnownFileType = sourcecode.swift; path = FontGuide.swift; sourceTree = "<group>"; };
		6CAD800629950FC300712B85 /* UIFont+DynamicProvider.swift */ = {isa = PBXFileReference; lastKnownFileType = sourcecode.swift; path = "UIFont+DynamicProvider.swift"; sourceTree = "<group>"; };
		6CAD800829950FFB00712B85 /* FontToken.swift */ = {isa = PBXFileReference; lastKnownFileType = sourcecode.swift; path = FontToken.swift; sourceTree = "<group>"; };
		6CAD800C2995117200712B85 /* UIColor+DynamicProvider.swift */ = {isa = PBXFileReference; lastKnownFileType = sourcecode.swift; path = "UIColor+DynamicProvider.swift"; sourceTree = "<group>"; };
		6CAD800E2995118600712B85 /* UIColor+Hex.swift */ = {isa = PBXFileReference; lastKnownFileType = sourcecode.swift; path = "UIColor+Hex.swift"; sourceTree = "<group>"; };
		6CAD8010299511BA00712B85 /* UIColor+Guide.swift */ = {isa = PBXFileReference; lastKnownFileType = sourcecode.swift; path = "UIColor+Guide.swift"; sourceTree = "<group>"; };
		6CAD8012299511FC00712B85 /* ColorToken.swift */ = {isa = PBXFileReference; lastKnownFileType = sourcecode.swift; path = ColorToken.swift; sourceTree = "<group>"; };
		6CAD80142995130700712B85 /* ColorGuide.swift */ = {isa = PBXFileReference; lastKnownFileType = sourcecode.swift; path = ColorGuide.swift; sourceTree = "<group>"; };
		6CAD8016299514F500712B85 /* ChipsView.swift */ = {isa = PBXFileReference; lastKnownFileType = sourcecode.swift; path = ChipsView.swift; sourceTree = "<group>"; };
		6CAD801A29951AB000712B85 /* CarouselChipsView.swift */ = {isa = PBXFileReference; lastKnownFileType = sourcecode.swift; path = CarouselChipsView.swift; sourceTree = "<group>"; };
		6CAD801D2995294500712B85 /* MainScreenModel.swift */ = {isa = PBXFileReference; lastKnownFileType = sourcecode.swift; path = MainScreenModel.swift; sourceTree = "<group>"; };
		6CAD8020299538F200712B85 /* ScrollView.swift */ = {isa = PBXFileReference; lastKnownFileType = sourcecode.swift; path = ScrollView.swift; sourceTree = "<group>"; };
/* End PBXFileReference section */

/* Begin PBXFrameworksBuildPhase section */
		6CAD7FB5299509A400712B85 /* Frameworks */ = {
			isa = PBXFrameworksBuildPhase;
			buildActionMask = 2147483647;
			files = (
			);
			runOnlyForDeploymentPostprocessing = 0;
		};
/* End PBXFrameworksBuildPhase section */

/* Begin PBXGroup section */
		6CAD7FAF299509A400712B85 = {
			isa = PBXGroup;
			children = (
				6CAD7FBA299509A400712B85 /* Surf */,
				6CAD7FB9299509A400712B85 /* Products */,
			);
			sourceTree = "<group>";
		};
		6CAD7FB9299509A400712B85 /* Products */ = {
			isa = PBXGroup;
			children = (
				6CAD7FB8299509A400712B85 /* Surf.app */,
			);
			name = Products;
			sourceTree = "<group>";
		};
		6CAD7FBA299509A400712B85 /* Surf */ = {
			isa = PBXGroup;
			children = (
				6CAD7FF929950E6C00712B85 /* Resources */,
				6CAD7FF129950BE400712B85 /* Navigation */,
				6CAD7FD0299509D600712B85 /* System */,
				6CAD7FCF299509CD00712B85 /* Modules */,
			);
			path = Surf;
			sourceTree = "<group>";
		};
		6CAD7FCF299509CD00712B85 /* Modules */ = {
			isa = PBXGroup;
			children = (
				6CAD7FE129950B7400712B85 /* MainScreenModule */,
			);
			path = Modules;
			sourceTree = "<group>";
		};
		6CAD7FD0299509D600712B85 /* System */ = {
			isa = PBXGroup;
			children = (
				6CAD7FBB299509A400712B85 /* AppDelegate.swift */,
				6CAD7FBD299509A400712B85 /* SceneDelegate.swift */,
				6CAD7FC4299509A500712B85 /* Assets.xcassets */,
				6CAD7FC6299509A500712B85 /* LaunchScreen.storyboard */,
				6CAD7FC9299509A500712B85 /* Info.plist */,
			);
			path = System;
			sourceTree = "<group>";
		};
		6CAD7FE129950B7400712B85 /* MainScreenModule */ = {
			isa = PBXGroup;
			children = (
				6CAD801C2995293900712B85 /* Models */,
				6CAD7FF029950B9C00712B85 /* Assembly */,
				6CAD7FEF29950B9600712B85 /* Factory */,
				6CAD7FEE29950B8F00712B85 /* Presenter */,
				6CAD7FED29950B8800712B85 /* Interactor */,
				6CAD7FEC29950B8300712B85 /* View */,
			);
			path = MainScreenModule;
			sourceTree = "<group>";
		};
		6CAD7FEC29950B8300712B85 /* View */ = {
			isa = PBXGroup;
			children = (
				6CAD7FE629950B8000712B85 /* MainScreenView.swift */,
			);
			path = View;
			sourceTree = "<group>";
		};
		6CAD7FED29950B8800712B85 /* Interactor */ = {
			isa = PBXGroup;
			children = (
				6CAD7FE529950B8000712B85 /* MainScreenInteractor.swift */,
			);
			path = Interactor;
			sourceTree = "<group>";
		};
		6CAD7FEE29950B8F00712B85 /* Presenter */ = {
			isa = PBXGroup;
			children = (
				6CAD7FE329950B8000712B85 /* MainScreenViewController.swift */,
			);
			path = Presenter;
			sourceTree = "<group>";
		};
		6CAD7FEF29950B9600712B85 /* Factory */ = {
			isa = PBXGroup;
			children = (
				6CAD7FE229950B8000712B85 /* MainScreenFactory.swift */,
			);
			path = Factory;
			sourceTree = "<group>";
		};
		6CAD7FF029950B9C00712B85 /* Assembly */ = {
			isa = PBXGroup;
			children = (
				6CAD7FE429950B8000712B85 /* MainScreenAssembly.swift */,
			);
			path = Assembly;
			sourceTree = "<group>";
		};
		6CAD7FF129950BE400712B85 /* Navigation */ = {
			isa = PBXGroup;
			children = (
				6CAD7FF229950BEF00712B85 /* Coordinator.swift */,
				6CAD7FF429950C0000712B85 /* RootCoordinator.swift */,
				6CAD7FF629950C3000712B85 /* MainScreenCoordinator */,
			);
			path = Navigation;
			sourceTree = "<group>";
		};
		6CAD7FF629950C3000712B85 /* MainScreenCoordinator */ = {
			isa = PBXGroup;
			children = (
				6CAD7FF729950C4300712B85 /* MainScreenCoordinator.swift */,
			);
			path = MainScreenCoordinator;
			sourceTree = "<group>";
		};
		6CAD7FF929950E6C00712B85 /* Resources */ = {
			isa = PBXGroup;
			children = (
				6CAD800A2995115C00712B85 /* Colors */,
				6CAD800029950F1F00712B85 /* Fonts */,
				6CAD7FFF29950F1700712B85 /* Components */,
			);
			path = Resources;
			sourceTree = "<group>";
		};
		6CAD7FFA29950E7B00712B85 /* ButtonView */ = {
			isa = PBXGroup;
			children = (
				6CAD7FFD29950EAB00712B85 /* ButtonView.swift */,
			);
			path = ButtonView;
			sourceTree = "<group>";
		};
		6CAD7FFF29950F1700712B85 /* Components */ = {
			isa = PBXGroup;
			children = (
				6CAD801F299538E800712B85 /* ScrollView */,
				6CAD801929951A9700712B85 /* ChipsView */,
				6CAD801829951A8B00712B85 /* CarouselChipsView */,
				6CAD7FFA29950E7B00712B85 /* ButtonView */,
			);
			path = Components;
			sourceTree = "<group>";
		};
		6CAD800029950F1F00712B85 /* Fonts */ = {
			isa = PBXGroup;
			children = (
				6CAD800529950FAE00712B85 /* Extension */,
				6CAD800129950F4100712B85 /* UIFont+Guide.swift */,
				6CAD800329950F9700712B85 /* FontGuide.swift */,
				6CAD800829950FFB00712B85 /* FontToken.swift */,
			);
			path = Fonts;
			sourceTree = "<group>";
		};
		6CAD800529950FAE00712B85 /* Extension */ = {
			isa = PBXGroup;
			children = (
				6CAD800629950FC300712B85 /* UIFont+DynamicProvider.swift */,
			);
			path = Extension;
			sourceTree = "<group>";
		};
		6CAD800A2995115C00712B85 /* Colors */ = {
			isa = PBXGroup;
			children = (
				6CAD800B2995116600712B85 /* Extension */,
				6CAD8010299511BA00712B85 /* UIColor+Guide.swift */,
				6CAD8012299511FC00712B85 /* ColorToken.swift */,
				6CAD80142995130700712B85 /* ColorGuide.swift */,
			);
			path = Colors;
			sourceTree = "<group>";
		};
		6CAD800B2995116600712B85 /* Extension */ = {
			isa = PBXGroup;
			children = (
				6CAD800C2995117200712B85 /* UIColor+DynamicProvider.swift */,
				6CAD800E2995118600712B85 /* UIColor+Hex.swift */,
			);
			path = Extension;
			sourceTree = "<group>";
		};
		6CAD801829951A8B00712B85 /* CarouselChipsView */ = {
			isa = PBXGroup;
			children = (
				6CAD801A29951AB000712B85 /* CarouselChipsView.swift */,
			);
			path = CarouselChipsView;
			sourceTree = "<group>";
		};
		6CAD801929951A9700712B85 /* ChipsView */ = {
			isa = PBXGroup;
			children = (
				6CAD8016299514F500712B85 /* ChipsView.swift */,
			);
			path = ChipsView;
			sourceTree = "<group>";
		};
		6CAD801C2995293900712B85 /* Models */ = {
			isa = PBXGroup;
			children = (
				6CAD801D2995294500712B85 /* MainScreenModel.swift */,
			);
			path = Models;
			sourceTree = "<group>";
		};
		6CAD801F299538E800712B85 /* ScrollView */ = {
			isa = PBXGroup;
			children = (
				6CAD8020299538F200712B85 /* ScrollView.swift */,
			);
			path = ScrollView;
			sourceTree = "<group>";
		};
/* End PBXGroup section */

/* Begin PBXNativeTarget section */
		6CAD7FB7299509A400712B85 /* Surf */ = {
			isa = PBXNativeTarget;
			buildConfigurationList = 6CAD7FCC299509A500712B85 /* Build configuration list for PBXNativeTarget "Surf" */;
			buildPhases = (
				6CAD7FB4299509A400712B85 /* Sources */,
				6CAD7FB5299509A400712B85 /* Frameworks */,
				6CAD7FB6299509A400712B85 /* Resources */,
			);
			buildRules = (
			);
			dependencies = (
			);
			name = Surf;
			productName = Surf;
			productReference = 6CAD7FB8299509A400712B85 /* Surf.app */;
			productType = "com.apple.product-type.application";
		};
/* End PBXNativeTarget section */

/* Begin PBXProject section */
		6CAD7FB0299509A400712B85 /* Project object */ = {
			isa = PBXProject;
			attributes = {
				BuildIndependentTargetsInParallel = 1;
				LastSwiftUpdateCheck = 1420;
				LastUpgradeCheck = 1420;
				TargetAttributes = {
					6CAD7FB7299509A400712B85 = {
						CreatedOnToolsVersion = 14.2;
					};
				};
			};
			buildConfigurationList = 6CAD7FB3299509A400712B85 /* Build configuration list for PBXProject "Surf" */;
			compatibilityVersion = "Xcode 14.0";
			developmentRegion = en;
			hasScannedForEncodings = 0;
			knownRegions = (
				en,
				Base,
			);
			mainGroup = 6CAD7FAF299509A400712B85;
			productRefGroup = 6CAD7FB9299509A400712B85 /* Products */;
			projectDirPath = "";
			projectRoot = "";
			targets = (
				6CAD7FB7299509A400712B85 /* Surf */,
			);
		};
/* End PBXProject section */

/* Begin PBXResourcesBuildPhase section */
		6CAD7FB6299509A400712B85 /* Resources */ = {
			isa = PBXResourcesBuildPhase;
			buildActionMask = 2147483647;
			files = (
				6CAD7FC8299509A500712B85 /* LaunchScreen.storyboard in Resources */,
				6CAD7FC5299509A500712B85 /* Assets.xcassets in Resources */,
			);
			runOnlyForDeploymentPostprocessing = 0;
		};
/* End PBXResourcesBuildPhase section */

/* Begin PBXSourcesBuildPhase section */
		6CAD7FB4299509A400712B85 /* Sources */ = {
			isa = PBXSourcesBuildPhase;
			buildActionMask = 2147483647;
			files = (
				6CAD800D2995117200712B85 /* UIColor+DynamicProvider.swift in Sources */,
				6CAD7FF329950BEF00712B85 /* Coordinator.swift in Sources */,
				6CAD7FF829950C4300712B85 /* MainScreenCoordinator.swift in Sources */,
				6CAD8017299514F500712B85 /* ChipsView.swift in Sources */,
				6CAD800429950F9700712B85 /* FontGuide.swift in Sources */,
				6CAD8021299538F200712B85 /* ScrollView.swift in Sources */,
				6CAD8011299511BA00712B85 /* UIColor+Guide.swift in Sources */,
				6CAD800F2995118600712B85 /* UIColor+Hex.swift in Sources */,
				6CAD800729950FC300712B85 /* UIFont+DynamicProvider.swift in Sources */,
				6CAD7FE729950B8000712B85 /* MainScreenFactory.swift in Sources */,
				6CAD80152995130700712B85 /* ColorGuide.swift in Sources */,
				6CAD801B29951AB000712B85 /* CarouselChipsView.swift in Sources */,
				6CAD800229950F4100712B85 /* UIFont+Guide.swift in Sources */,
				6CAD7FE929950B8000712B85 /* MainScreenAssembly.swift in Sources */,
				6CAD7FEB29950B8000712B85 /* MainScreenView.swift in Sources */,
				6CAD7FE829950B8000712B85 /* MainScreenViewController.swift in Sources */,
				6CAD7FFE29950EAB00712B85 /* ButtonView.swift in Sources */,
				6CAD801E2995294500712B85 /* MainScreenModel.swift in Sources */,
				6CAD7FBC299509A400712B85 /* AppDelegate.swift in Sources */,
				6CAD8013299511FD00712B85 /* ColorToken.swift in Sources */,
				6CAD7FBE299509A400712B85 /* SceneDelegate.swift in Sources */,
				6CAD7FF529950C0000712B85 /* RootCoordinator.swift in Sources */,
				6CAD7FEA29950B8000712B85 /* MainScreenInteractor.swift in Sources */,
				6CAD800929950FFB00712B85 /* FontToken.swift in Sources */,
			);
			runOnlyForDeploymentPostprocessing = 0;
		};
/* End PBXSourcesBuildPhase section */

/* Begin PBXVariantGroup section */
		6CAD7FC6299509A500712B85 /* LaunchScreen.storyboard */ = {
			isa = PBXVariantGroup;
			children = (
				6CAD7FC7299509A500712B85 /* Base */,
			);
			name = LaunchScreen.storyboard;
			sourceTree = "<group>";
		};
/* End PBXVariantGroup section */

/* Begin XCBuildConfiguration section */
		6CAD7FCA299509A500712B85 /* Debug */ = {
			isa = XCBuildConfiguration;
			buildSettings = {
				ALWAYS_SEARCH_USER_PATHS = NO;
				CLANG_ANALYZER_NONNULL = YES;
				CLANG_ANALYZER_NUMBER_OBJECT_CONVERSION = YES_AGGRESSIVE;
				CLANG_CXX_LANGUAGE_STANDARD = "gnu++20";
				CLANG_ENABLE_MODULES = YES;
				CLANG_ENABLE_OBJC_ARC = YES;
				CLANG_ENABLE_OBJC_WEAK = YES;
				CLANG_WARN_BLOCK_CAPTURE_AUTORELEASING = YES;
				CLANG_WARN_BOOL_CONVERSION = YES;
				CLANG_WARN_COMMA = YES;
				CLANG_WARN_CONSTANT_CONVERSION = YES;
				CLANG_WARN_DEPRECATED_OBJC_IMPLEMENTATIONS = YES;
				CLANG_WARN_DIRECT_OBJC_ISA_USAGE = YES_ERROR;
				CLANG_WARN_DOCUMENTATION_COMMENTS = YES;
				CLANG_WARN_EMPTY_BODY = YES;
				CLANG_WARN_ENUM_CONVERSION = YES;
				CLANG_WARN_INFINITE_RECURSION = YES;
				CLANG_WARN_INT_CONVERSION = YES;
				CLANG_WARN_NON_LITERAL_NULL_CONVERSION = YES;
				CLANG_WARN_OBJC_IMPLICIT_RETAIN_SELF = YES;
				CLANG_WARN_OBJC_LITERAL_CONVERSION = YES;
				CLANG_WARN_OBJC_ROOT_CLASS = YES_ERROR;
				CLANG_WARN_QUOTED_INCLUDE_IN_FRAMEWORK_HEADER = YES;
				CLANG_WARN_RANGE_LOOP_ANALYSIS = YES;
				CLANG_WARN_STRICT_PROTOTYPES = YES;
				CLANG_WARN_SUSPICIOUS_MOVE = YES;
				CLANG_WARN_UNGUARDED_AVAILABILITY = YES_AGGRESSIVE;
				CLANG_WARN_UNREACHABLE_CODE = YES;
				CLANG_WARN__DUPLICATE_METHOD_MATCH = YES;
				COPY_PHASE_STRIP = NO;
				DEBUG_INFORMATION_FORMAT = dwarf;
				ENABLE_STRICT_OBJC_MSGSEND = YES;
				ENABLE_TESTABILITY = YES;
				GCC_C_LANGUAGE_STANDARD = gnu11;
				GCC_DYNAMIC_NO_PIC = NO;
				GCC_NO_COMMON_BLOCKS = YES;
				GCC_OPTIMIZATION_LEVEL = 0;
				GCC_PREPROCESSOR_DEFINITIONS = (
					"DEBUG=1",
					"$(inherited)",
				);
				GCC_WARN_64_TO_32_BIT_CONVERSION = YES;
				GCC_WARN_ABOUT_RETURN_TYPE = YES_ERROR;
				GCC_WARN_UNDECLARED_SELECTOR = YES;
				GCC_WARN_UNINITIALIZED_AUTOS = YES_AGGRESSIVE;
				GCC_WARN_UNUSED_FUNCTION = YES;
				GCC_WARN_UNUSED_VARIABLE = YES;
				IPHONEOS_DEPLOYMENT_TARGET = 13.0;
				MTL_ENABLE_DEBUG_INFO = INCLUDE_SOURCE;
				MTL_FAST_MATH = YES;
				ONLY_ACTIVE_ARCH = YES;
				SDKROOT = iphoneos;
				SWIFT_ACTIVE_COMPILATION_CONDITIONS = DEBUG;
				SWIFT_OPTIMIZATION_LEVEL = "-Onone";
			};
			name = Debug;
		};
		6CAD7FCB299509A500712B85 /* Release */ = {
			isa = XCBuildConfiguration;
			buildSettings = {
				ALWAYS_SEARCH_USER_PATHS = NO;
				CLANG_ANALYZER_NONNULL = YES;
				CLANG_ANALYZER_NUMBER_OBJECT_CONVERSION = YES_AGGRESSIVE;
				CLANG_CXX_LANGUAGE_STANDARD = "gnu++20";
				CLANG_ENABLE_MODULES = YES;
				CLANG_ENABLE_OBJC_ARC = YES;
				CLANG_ENABLE_OBJC_WEAK = YES;
				CLANG_WARN_BLOCK_CAPTURE_AUTORELEASING = YES;
				CLANG_WARN_BOOL_CONVERSION = YES;
				CLANG_WARN_COMMA = YES;
				CLANG_WARN_CONSTANT_CONVERSION = YES;
				CLANG_WARN_DEPRECATED_OBJC_IMPLEMENTATIONS = YES;
				CLANG_WARN_DIRECT_OBJC_ISA_USAGE = YES_ERROR;
				CLANG_WARN_DOCUMENTATION_COMMENTS = YES;
				CLANG_WARN_EMPTY_BODY = YES;
				CLANG_WARN_ENUM_CONVERSION = YES;
				CLANG_WARN_INFINITE_RECURSION = YES;
				CLANG_WARN_INT_CONVERSION = YES;
				CLANG_WARN_NON_LITERAL_NULL_CONVERSION = YES;
				CLANG_WARN_OBJC_IMPLICIT_RETAIN_SELF = YES;
				CLANG_WARN_OBJC_LITERAL_CONVERSION = YES;
				CLANG_WARN_OBJC_ROOT_CLASS = YES_ERROR;
				CLANG_WARN_QUOTED_INCLUDE_IN_FRAMEWORK_HEADER = YES;
				CLANG_WARN_RANGE_LOOP_ANALYSIS = YES;
				CLANG_WARN_STRICT_PROTOTYPES = YES;
				CLANG_WARN_SUSPICIOUS_MOVE = YES;
				CLANG_WARN_UNGUARDED_AVAILABILITY = YES_AGGRESSIVE;
				CLANG_WARN_UNREACHABLE_CODE = YES;
				CLANG_WARN__DUPLICATE_METHOD_MATCH = YES;
				COPY_PHASE_STRIP = NO;
				DEBUG_INFORMATION_FORMAT = "dwarf-with-dsym";
				ENABLE_NS_ASSERTIONS = NO;
				ENABLE_STRICT_OBJC_MSGSEND = YES;
				GCC_C_LANGUAGE_STANDARD = gnu11;
				GCC_NO_COMMON_BLOCKS = YES;
				GCC_WARN_64_TO_32_BIT_CONVERSION = YES;
				GCC_WARN_ABOUT_RETURN_TYPE = YES_ERROR;
				GCC_WARN_UNDECLARED_SELECTOR = YES;
				GCC_WARN_UNINITIALIZED_AUTOS = YES_AGGRESSIVE;
				GCC_WARN_UNUSED_FUNCTION = YES;
				GCC_WARN_UNUSED_VARIABLE = YES;
				IPHONEOS_DEPLOYMENT_TARGET = 13.0;
				MTL_ENABLE_DEBUG_INFO = NO;
				MTL_FAST_MATH = YES;
				SDKROOT = iphoneos;
				SWIFT_COMPILATION_MODE = wholemodule;
				SWIFT_OPTIMIZATION_LEVEL = "-O";
				VALIDATE_PRODUCT = YES;
			};
			name = Release;
		};
		6CAD7FCD299509A500712B85 /* Debug */ = {
			isa = XCBuildConfiguration;
			buildSettings = {
				ASSETCATALOG_COMPILER_APPICON_NAME = AppIcon;
				ASSETCATALOG_COMPILER_GLOBAL_ACCENT_COLOR_NAME = AccentColor;
				CODE_SIGN_STYLE = Automatic;
				CURRENT_PROJECT_VERSION = 1;
				GENERATE_INFOPLIST_FILE = YES;
				INFOPLIST_FILE = Surf/System/Info.plist;
				INFOPLIST_KEY_UIApplicationSupportsIndirectInputEvents = YES;
				INFOPLIST_KEY_UILaunchStoryboardName = LaunchScreen;
				INFOPLIST_KEY_UISupportedInterfaceOrientations = UIInterfaceOrientationPortrait;
				INFOPLIST_KEY_UISupportedInterfaceOrientations_iPad = "UIInterfaceOrientationLandscapeLeft UIInterfaceOrientationLandscapeRight UIInterfaceOrientationPortrait UIInterfaceOrientationPortraitUpsideDown";
				IPHONEOS_DEPLOYMENT_TARGET = 13.0;
				LD_RUNPATH_SEARCH_PATHS = (
					"$(inherited)",
					"@executable_path/Frameworks",
				);
				MARKETING_VERSION = 1.0;
				PRODUCT_BUNDLE_IDENTIFIER = com.sosinatatyana.Surf;
				PRODUCT_NAME = "$(TARGET_NAME)";
				SWIFT_EMIT_LOC_STRINGS = YES;
				SWIFT_VERSION = 5.0;
				TARGETED_DEVICE_FAMILY = "1,2";
			};
			name = Debug;
		};
		6CAD7FCE299509A500712B85 /* Release */ = {
			isa = XCBuildConfiguration;
			buildSettings = {
				ASSETCATALOG_COMPILER_APPICON_NAME = AppIcon;
				ASSETCATALOG_COMPILER_GLOBAL_ACCENT_COLOR_NAME = AccentColor;
				CODE_SIGN_STYLE = Automatic;
				CURRENT_PROJECT_VERSION = 1;
				GENERATE_INFOPLIST_FILE = YES;
				INFOPLIST_FILE = Surf/System/Info.plist;
				INFOPLIST_KEY_UIApplicationSupportsIndirectInputEvents = YES;
				INFOPLIST_KEY_UILaunchStoryboardName = LaunchScreen;
				INFOPLIST_KEY_UISupportedInterfaceOrientations = UIInterfaceOrientationPortrait;
				INFOPLIST_KEY_UISupportedInterfaceOrientations_iPad = "UIInterfaceOrientationLandscapeLeft UIInterfaceOrientationLandscapeRight UIInterfaceOrientationPortrait UIInterfaceOrientationPortraitUpsideDown";
				IPHONEOS_DEPLOYMENT_TARGET = 13.0;
				LD_RUNPATH_SEARCH_PATHS = (
					"$(inherited)",
					"@executable_path/Frameworks",
				);
				MARKETING_VERSION = 1.0;
				PRODUCT_BUNDLE_IDENTIFIER = com.sosinatatyana.Surf;
				PRODUCT_NAME = "$(TARGET_NAME)";
				SWIFT_EMIT_LOC_STRINGS = YES;
				SWIFT_VERSION = 5.0;
				TARGETED_DEVICE_FAMILY = "1,2";
			};
			name = Release;
		};
/* End XCBuildConfiguration section */

/* Begin XCConfigurationList section */
		6CAD7FB3299509A400712B85 /* Build configuration list for PBXProject "Surf" */ = {
			isa = XCConfigurationList;
			buildConfigurations = (
				6CAD7FCA299509A500712B85 /* Debug */,
				6CAD7FCB299509A500712B85 /* Release */,
			);
			defaultConfigurationIsVisible = 0;
			defaultConfigurationName = Release;
		};
		6CAD7FCC299509A500712B85 /* Build configuration list for PBXNativeTarget "Surf" */ = {
			isa = XCConfigurationList;
			buildConfigurations = (
				6CAD7FCD299509A500712B85 /* Debug */,
				6CAD7FCE299509A500712B85 /* Release */,
			);
			defaultConfigurationIsVisible = 0;
			defaultConfigurationName = Release;
		};
/* End XCConfigurationList section */
	};
	rootObject = 6CAD7FB0299509A400712B85 /* Project object */;
}
